
Microsoft Visual Studio Solution File, Format Version 12.00
# Visual Studio Version 16
VisualStudioVersion = 16.0.30907.101
MinimumVisualStudioVersion = 10.0.40219.1
Project("{FAE04EC0-301F-11D3-BF4B-00C04F79EFBC}") = "Vlasov_DE", "Vlasov_DE.csproj", "{DA215E2F-11AA-44DE-B7F6-6E1ED3458C4E}"
EndProject
Global
	GlobalSection(SolutionConfigurationPlatforms) = preSolution
		Debug|Any CPU = Debug|Any CPU
		Release|Any CPU = Release|Any CPU
	EndGlobalSection
	GlobalSection(ProjectConfigurationPlatforms) = postSolution
		{DA215E2F-11AA-44DE-B7F6-6E1ED3458C4E}.Debug|Any CPU.ActiveCfg = Debug|Any CPU
		{DA215E2F-11AA-44DE-B7F6-6E1ED3458C4E}.Debug|Any CPU.Build.0 = Debug|Any CPU
		{DA215E2F-11AA-44DE-B7F6-6E1ED3458C4E}.Release|Any CPU.ActiveCfg = Release|Any CPU
		{DA215E2F-11AA-44DE-B7F6-6E1ED3458C4E}.Release|Any CPU.Build.0 = Release|Any CPU
	EndGlobalSection
	GlobalSection(SolutionProperties) = preSolution
		HideSolutionNode = FALSE
	EndGlobalSection
	GlobalSection(ExtensibilityGlobals) = postSolution
		SolutionGuid = {C6BAA07A-4C52-4AC9-8531-3E4F00CD4847}
	EndGlobalSection
EndGlobal
